
Microsoft Visual Studio Solution File, Format Version 12.00
# Visual Studio 2013
VisualStudioVersion = 12.0.31101.0
MinimumVisualStudioVersion = 10.0.40219.1
Project("{FAE04EC0-301F-11D3-BF4B-00C04F79EFBC}") = "JasmineTests", "JasmineTests\JasmineTests.csproj", "{B9A01281-902A-47F2-871F-63C673D75E01}"
EndProject
Project("{FAE04EC0-301F-11D3-BF4B-00C04F79EFBC}") = "JasmineTests.TestsJs", "JasmineTests.TestsJs\JasmineTests.TestsJs.csproj", "{65A304CB-AF18-4335-8805-8CC24AD60B07}"
EndProject
Global
	GlobalSection(SolutionConfigurationPlatforms) = preSolution
		Debug|Any CPU = Debug|Any CPU
		Release|Any CPU = Release|Any CPU
	EndGlobalSection
	GlobalSection(ProjectConfigurationPlatforms) = postSolution
		{B9A01281-902A-47F2-871F-63C673D75E01}.Debug|Any CPU.ActiveCfg = Debug|Any CPU
		{B9A01281-902A-47F2-871F-63C673D75E01}.Debug|Any CPU.Build.0 = Debug|Any CPU
		{B9A01281-902A-47F2-871F-63C673D75E01}.Release|Any CPU.ActiveCfg = Release|Any CPU
		{B9A01281-902A-47F2-871F-63C673D75E01}.Release|Any CPU.Build.0 = Release|Any CPU
		{65A304CB-AF18-4335-8805-8CC24AD60B07}.Debug|Any CPU.ActiveCfg = Debug|Any CPU
		{65A304CB-AF18-4335-8805-8CC24AD60B07}.Debug|Any CPU.Build.0 = Debug|Any CPU
		{65A304CB-AF18-4335-8805-8CC24AD60B07}.Release|Any CPU.ActiveCfg = Release|Any CPU
		{65A304CB-AF18-4335-8805-8CC24AD60B07}.Release|Any CPU.Build.0 = Release|Any CPU
	EndGlobalSection
	GlobalSection(SolutionProperties) = preSolution
		HideSolutionNode = FALSE
	EndGlobalSection
EndGlobal
